
Microsoft Visual Studio Solution File, Format Version 12.00
# Visual Studio 15
VisualStudioVersion = 15.0.27130.2036
MinimumVisualStudioVersion = 10.0.40219.1
Project("{FAE04EC0-301F-11D3-BF4B-00C04F79EFBC}") = "ConsoleApp4", "ConsoleApp4\ConsoleApp4.csproj", "{007171C1-E35B-4E31-9061-62753CDA9200}"
EndProject
Global
	GlobalSection(SolutionConfigurationPlatforms) = preSolution
		Debug|Any CPU = Debug|Any CPU
		Release|Any CPU = Release|Any CPU
	EndGlobalSection
	GlobalSection(ProjectConfigurationPlatforms) = postSolution
		{007171C1-E35B-4E31-9061-62753CDA9200}.Debug|Any CPU.ActiveCfg = Debug|Any CPU
		{007171C1-E35B-4E31-9061-62753CDA9200}.Debug|Any CPU.Build.0 = Debug|Any CPU
		{007171C1-E35B-4E31-9061-62753CDA9200}.Release|Any CPU.ActiveCfg = Release|Any CPU
		{007171C1-E35B-4E31-9061-62753CDA9200}.Release|Any CPU.Build.0 = Release|Any CPU
	EndGlobalSection
	GlobalSection(SolutionProperties) = preSolution
		HideSolutionNode = FALSE
	EndGlobalSection
	GlobalSection(ExtensibilityGlobals) = postSolution
		SolutionGuid = {DD451730-F2CA-4D00-80A5-8B1ED6409DB7}
	EndGlobalSection
EndGlobal
